
Microsoft Visual Studio Solution File, Format Version 12.00
# Visual Studio Version 17
VisualStudioVersion = 17.8.34511.84
MinimumVisualStudioVersion = 10.0.40219.1
Project("{9A19103F-16F7-4668-BE54-9A1E7A4F7556}") = "ProdutosApp.Services", "ProdutosApp.Services\ProdutosApp.Services.csproj", "{1A7FD297-D4F4-4966-B504-FC652A287FF6}"
EndProject
Project("{2150E333-8FDC-42A3-9474-1A3956D46DE8}") = "1 - API", "1 - API", "{31C5097A-EBCF-4229-9D54-AA773CEFC026}"
EndProject
Project("{2150E333-8FDC-42A3-9474-1A3956D46DE8}") = "2 - DATA", "2 - DATA", "{E00E052B-D1E1-4074-84FE-31D5994E61A4}"
EndProject
Project("{FAE04EC0-301F-11D3-BF4B-00C04F79EFBC}") = "ProdutosApp.Data", "ProdutosApp.Data\ProdutosApp.Data.csproj", "{7D086EE7-01B3-4BC3-99D7-D3FDBB320145}"
EndProject
Global
	GlobalSection(SolutionConfigurationPlatforms) = preSolution
		Debug|Any CPU = Debug|Any CPU
		Release|Any CPU = Release|Any CPU
	EndGlobalSection
	GlobalSection(ProjectConfigurationPlatforms) = postSolution
		{1A7FD297-D4F4-4966-B504-FC652A287FF6}.Debug|Any CPU.ActiveCfg = Debug|Any CPU
		{1A7FD297-D4F4-4966-B504-FC652A287FF6}.Debug|Any CPU.Build.0 = Debug|Any CPU
		{1A7FD297-D4F4-4966-B504-FC652A287FF6}.Release|Any CPU.ActiveCfg = Release|Any CPU
		{1A7FD297-D4F4-4966-B504-FC652A287FF6}.Release|Any CPU.Build.0 = Release|Any CPU
		{7D086EE7-01B3-4BC3-99D7-D3FDBB320145}.Debug|Any CPU.ActiveCfg = Debug|Any CPU
		{7D086EE7-01B3-4BC3-99D7-D3FDBB320145}.Debug|Any CPU.Build.0 = Debug|Any CPU
		{7D086EE7-01B3-4BC3-99D7-D3FDBB320145}.Release|Any CPU.ActiveCfg = Release|Any CPU
		{7D086EE7-01B3-4BC3-99D7-D3FDBB320145}.Release|Any CPU.Build.0 = Release|Any CPU
	EndGlobalSection
	GlobalSection(SolutionProperties) = preSolution
		HideSolutionNode = FALSE
	EndGlobalSection
	GlobalSection(NestedProjects) = preSolution
		{1A7FD297-D4F4-4966-B504-FC652A287FF6} = {31C5097A-EBCF-4229-9D54-AA773CEFC026}
		{7D086EE7-01B3-4BC3-99D7-D3FDBB320145} = {E00E052B-D1E1-4074-84FE-31D5994E61A4}
	EndGlobalSection
	GlobalSection(ExtensibilityGlobals) = postSolution
		SolutionGuid = {5B1D2267-826B-4660-A1B0-6A2D4B1601E5}
	EndGlobalSection
EndGlobal
