
Microsoft Visual Studio Solution File, Format Version 12.00
# Visual Studio Version 17
VisualStudioVersion = 17.7.34202.233
MinimumVisualStudioVersion = 10.0.40219.1
Project("{9A19103F-16F7-4668-BE54-9A1E7A4F7556}") = "ProjetoAula01", "ProjetoAula01\ProjetoAula01.csproj", "{D5530E12-C9E1-4C36-9447-429D0288FDDF}"
EndProject
Project("{FAE04EC0-301F-11D3-BF4B-00C04F79EFBC}") = "ProjetoAula01Exercicios", "ProjetoAula01Exercicios\ProjetoAula01Exercicios.csproj", "{7D42D120-BB2D-4DFA-A4C9-C375769271F6}"
EndProject
Global
	GlobalSection(SolutionConfigurationPlatforms) = preSolution
		Debug|Any CPU = Debug|Any CPU
		Release|Any CPU = Release|Any CPU
	EndGlobalSection
	GlobalSection(ProjectConfigurationPlatforms) = postSolution
		{D5530E12-C9E1-4C36-9447-429D0288FDDF}.Debug|Any CPU.ActiveCfg = Debug|Any CPU
		{D5530E12-C9E1-4C36-9447-429D0288FDDF}.Debug|Any CPU.Build.0 = Debug|Any CPU
		{D5530E12-C9E1-4C36-9447-429D0288FDDF}.Release|Any CPU.ActiveCfg = Release|Any CPU
		{D5530E12-C9E1-4C36-9447-429D0288FDDF}.Release|Any CPU.Build.0 = Release|Any CPU
		{7D42D120-BB2D-4DFA-A4C9-C375769271F6}.Debug|Any CPU.ActiveCfg = Debug|Any CPU
		{7D42D120-BB2D-4DFA-A4C9-C375769271F6}.Debug|Any CPU.Build.0 = Debug|Any CPU
		{7D42D120-BB2D-4DFA-A4C9-C375769271F6}.Release|Any CPU.ActiveCfg = Release|Any CPU
		{7D42D120-BB2D-4DFA-A4C9-C375769271F6}.Release|Any CPU.Build.0 = Release|Any CPU
	EndGlobalSection
	GlobalSection(SolutionProperties) = preSolution
		HideSolutionNode = FALSE
	EndGlobalSection
	GlobalSection(ExtensibilityGlobals) = postSolution
		SolutionGuid = {FBB09898-F04D-46B5-BA52-A2E6387C000D}
	EndGlobalSection
EndGlobal
